{
  "name": "Either",
  "version": "1.0.0",
  "lockfileVersion": 2,
  "requires": true,
  "packages": {
    "": {
      "version": "1.0.0",
      "license": "ISC",
      "dependencies": {
        "AuxiliarJS": "github:TCT9/AuxiliarJS"
      }
    },
    "node_modules/AuxiliarJS": {
      "version": "1.0.0",
      "resolved": "git+ssh://git@github.com/TCT9/AuxiliarJS.git#fdf5b8e2066cec45278d96282af449044506480b",
      "license": "ISC",
      "dependencies": {
        "scanf": "github:Lellansin/node-scanf"
      }
    },
    "node_modules/scanf": {
      "version": "1.1.2",
      "resolved": "git+ssh://git@github.com/Lellansin/node-scanf.git#198104a06dc567f1e3a859effeb4f9801d74dd11",
      "license": "MIT",
      "engines": {
        "node": ">= 4"
      }
    }
  },
  "dependencies": {
    "AuxiliarJS": {
      "version": "git+ssh://git@github.com/TCT9/AuxiliarJS.git#fdf5b8e2066cec45278d96282af449044506480b",
      "from": "AuxiliarJS@github:TCT9/AuxiliarJS",
      "requires": {
        "scanf": "github:Lellansin/node-scanf"
      }
    },
    "scanf": {
      "version": "git+ssh://git@github.com/Lellansin/node-scanf.git#198104a06dc567f1e3a859effeb4f9801d74dd11",
      "from": "scanf@github:Lellansin/node-scanf"
    }
  }
}
